{
  "requires": true,
  "lockfileVersion": 1,
  "dependencies": {
    "datatables.net": {
      "version": "1.13.1",
      "resolved": "https://registry.npmjs.org/datatables.net/-/datatables.net-1.13.1.tgz",
      "integrity": "sha512-cX5dDHsbVdLLYKsWOSE0MvuGUcV88zU5dZ/taK2puJV6F9Fw0CFsP3+U/kr+qpDSFOBLWISRyM4Q9wWWovPTNg==",
      "requires": {
        "jquery": ">=1.7"
      }
    },
    "datatables.net-dt": {
      "version": "1.13.1",
      "resolved": "https://registry.npmjs.org/datatables.net-dt/-/datatables.net-dt-1.13.1.tgz",
      "integrity": "sha512-J5ul/Y+Hpyfh8y02DKwgbmUij4e4R6bstnx4iYvY7FV2b2XuCP0Qow/Uuc0gtxDHSz2bTsoeRHqg4teoGftVDg==",
      "requires": {
        "datatables.net": ">=1.12.1",
        "jquery": ">=1.7"
      }
    },
    "datatables.net-jqui": {
      "version": "1.13.1",
      "resolved": "https://registry.npmjs.org/datatables.net-jqui/-/datatables.net-jqui-1.13.1.tgz",
      "integrity": "sha512-x7g9JRS21IRfsOhfT8COAE4tfLi5FUSLmOB5aPaRXFvPJqeMfH10bPk1+S6wUdu/T/DeK96Lfma/12tvbPjq1w==",
      "requires": {
        "datatables.net": ">=1.12.1",
        "jquery": ">=1.7"
      }
    },
    "gridjs": {
      "version": "5.1.0",
      "resolved": "https://registry.npmjs.org/gridjs/-/gridjs-5.1.0.tgz",
      "integrity": "sha512-ElT4RccHVZXR6mAn0Neh7jRv0yLPYLl9tWr9EC1tIJ7UC035kScGc/VMSJlPmOTyUU6qPUz1mtmzg/i8+IT24g==",
      "requires": {
        "preact": "^10.10.6"
      }
    },
    "gridjs-jquery": {
      "version": "4.0.0",
      "resolved": "https://registry.npmjs.org/gridjs-jquery/-/gridjs-jquery-4.0.0.tgz",
      "integrity": "sha512-IxZgBnRQLhPDvm1aTOp/bqKlKjxQqYAeigV85VtaIIZMDygah++XZ3jsxvsmitPQubBqRjBD8iahs8mFOTlbsw==",
      "requires": {
        "gridjs": "^4.0.0"
      },
      "dependencies": {
        "gridjs": {
          "version": "4.0.0",
          "resolved": "https://registry.npmjs.org/gridjs/-/gridjs-4.0.0.tgz",
          "integrity": "sha512-HSs5/DYcy+TF96TiYejqDQ5q4sZBTwVFfY3wKhz8oDD/kdeL5T03kWo2pih2906JVBlx/Qk9bAFzlGnnvsW7Gg==",
          "requires": {
            "preact": "^10.5.12",
            "tslib": "^2.0.1"
          }
        }
      }
    },
    "jquery": {
      "version": "3.6.2",
      "resolved": "https://registry.npmjs.org/jquery/-/jquery-3.6.2.tgz",
      "integrity": "sha512-/e7ulNIEEYk1Z/l4X0vpxGt+B/dNsV8ghOPAWZaJs8pkGvsSC0tm33aMGylXcj/U7y4IcvwtMXPMyBFZn/gK9A=="
    },
    "perfect-scrollbar": {
      "version": "1.5.5",
      "resolved": "https://registry.npmjs.org/perfect-scrollbar/-/perfect-scrollbar-1.5.5.tgz",
      "integrity": "sha512-dzalfutyP3e/FOpdlhVryN4AJ5XDVauVWxybSkLZmakFE2sS3y3pc4JnSprw8tGmHvkaG5Edr5T7LBTZ+WWU2g=="
    },
    "preact": {
      "version": "10.11.3",
      "resolved": "https://registry.npmjs.org/preact/-/preact-10.11.3.tgz",
      "integrity": "sha512-eY93IVpod/zG3uMF22Unl8h9KkrcKIRs2EGar8hwLZZDU1lkjph303V9HZBwufh2s736U6VXuhD109LYqPoffg=="
    },
    "tslib": {
      "version": "2.4.1",
      "resolved": "https://registry.npmjs.org/tslib/-/tslib-2.4.1.tgz",
      "integrity": "sha512-tGyy4dAjRIEwI7BzsB0lynWgOpfqjUdq91XXAlIWD2OwKBH7oCl/GZG/HT4BOHrTlPMOASlMQ7veyTqpmRcrNA=="
    }
  }
}
